// !$*UTF8*$!
{
	archiveVersion = 1;
	classes = {
	};
	objectVersion = 56;
	objects = {

/* Begin PBXBuildFile section */
		3B24660A29C37CEA0078C74F /* Prelude.swift in Sources */ = {isa = PBXBuildFile; fileRef = 3B24660929C37CEA0078C74F /* Prelude.swift */; };
		3BDB8240292D2DCE0093AC9D /* iosAppSwiftApp.swift in Sources */ = {isa = PBXBuildFile; fileRef = 3BDB823F292D2DCE0093AC9D /* iosAppSwiftApp.swift */; };
		3BDB8242292D2DCE0093AC9D /* ContentView.swift in Sources */ = {isa = PBXBuildFile; fileRef = 3BDB8241292D2DCE0093AC9D /* ContentView.swift */; };
		3BDB8244292D2DCF0093AC9D /* Assets.xcassets in Resources */ = {isa = PBXBuildFile; fileRef = 3BDB8243292D2DCF0093AC9D /* Assets.xcassets */; };
		3BDB8247292D2DCF0093AC9D /* Preview Assets.xcassets in Resources */ = {isa = PBXBuildFile; fileRef = 3BDB8246292D2DCF0093AC9D /* Preview Assets.xcassets */; };
		3BDB8253292D2E4B0093AC9D /* RollbarNotifier in Frameworks */ = {isa = PBXBuildFile; productRef = 3BDB8252292D2E4B0093AC9D /* RollbarNotifier */; };
/* End PBXBuildFile section */

/* Begin PBXFileReference section */
		3B24660929C37CEA0078C74F /* Prelude.swift */ = {isa = PBXFileReference; lastKnownFileType = sourcecode.swift; path = Prelude.swift; sourceTree = "<group>"; };
		3BD306A729C4E1BC0049F3D1 /* Info.plist */ = {isa = PBXFileReference; lastKnownFileType = text.plist; path = Info.plist; sourceTree = "<group>"; };
		3BDB823C292D2DCE0093AC9D /* Rollbar Demo.app */ = {isa = PBXFileReference; explicitFileType = wrapper.application; includeInIndex = 0; path = "Rollbar Demo.app"; sourceTree = BUILT_PRODUCTS_DIR; };
		3BDB823F292D2DCE0093AC9D /* iosAppSwiftApp.swift */ = {isa = PBXFileReference; lastKnownFileType = sourcecode.swift; path = iosAppSwiftApp.swift; sourceTree = "<group>"; };
		3BDB8241292D2DCE0093AC9D /* ContentView.swift */ = {isa = PBXFileReference; lastKnownFileType = sourcecode.swift; path = ContentView.swift; sourceTree = "<group>"; };
		3BDB8243292D2DCF0093AC9D /* Assets.xcassets */ = {isa = PBXFileReference; lastKnownFileType = folder.assetcatalog; path = Assets.xcassets; sourceTree = "<group>"; };
		3BDB8246292D2DCF0093AC9D /* Preview Assets.xcassets */ = {isa = PBXFileReference; lastKnownFileType = folder.assetcatalog; path = "Preview Assets.xcassets"; sourceTree = "<group>"; };
/* End PBXFileReference section */

/* Begin PBXFrameworksBuildPhase section */
		3BDB8239292D2DCE0093AC9D /* Frameworks */ = {
			isa = PBXFrameworksBuildPhase;
			buildActionMask = 2147483647;
			files = (
				3BDB8253292D2E4B0093AC9D /* RollbarNotifier in Frameworks */,
			);
			runOnlyForDeploymentPostprocessing = 0;
		};
/* End PBXFrameworksBuildPhase section */

/* Begin PBXGroup section */
		3BDB8233292D2DCE0093AC9D = {
			isa = PBXGroup;
			children = (
				3BDB823E292D2DCE0093AC9D /* iosAppSwift */,
				3BDB823D292D2DCE0093AC9D /* Products */,
				3BDB824D292D2E4B0093AC9D /* Frameworks */,
			);
			sourceTree = "<group>";
		};
		3BDB823D292D2DCE0093AC9D /* Products */ = {
			isa = PBXGroup;
			children = (
				3BDB823C292D2DCE0093AC9D /* Rollbar Demo.app */,
			);
			name = Products;
			sourceTree = "<group>";
		};
		3BDB823E292D2DCE0093AC9D /* iosAppSwift */ = {
			isa = PBXGroup;
			children = (
				3BD306A729C4E1BC0049F3D1 /* Info.plist */,
				3BDB823F292D2DCE0093AC9D /* iosAppSwiftApp.swift */,
				3BDB8241292D2DCE0093AC9D /* ContentView.swift */,
				3BDB8243292D2DCF0093AC9D /* Assets.xcassets */,
				3BDB8245292D2DCF0093AC9D /* Preview Content */,
				3B24660929C37CEA0078C74F /* Prelude.swift */,
			);
			path = iosAppSwift;
			sourceTree = "<group>";
		};
		3BDB8245292D2DCF0093AC9D /* Preview Content */ = {
			isa = PBXGroup;
			children = (
				3BDB8246292D2DCF0093AC9D /* Preview Assets.xcassets */,
			);
			path = "Preview Content";
			sourceTree = "<group>";
		};
		3BDB824D292D2E4B0093AC9D /* Frameworks */ = {
			isa = PBXGroup;
			children = (
			);
			name = Frameworks;
			sourceTree = "<group>";
		};
/* End PBXGroup section */

/* Begin PBXNativeTarget section */
		3BDB823B292D2DCE0093AC9D /* Rollbar Demo */ = {
			isa = PBXNativeTarget;
			buildConfigurationList = 3BDB824A292D2DCF0093AC9D /* Build configuration list for PBXNativeTarget "Rollbar Demo" */;
			buildPhases = (
				3BDB8238292D2DCE0093AC9D /* Sources */,
				3BDB8239292D2DCE0093AC9D /* Frameworks */,
				3BDB823A292D2DCE0093AC9D /* Resources */,
			);
			buildRules = (
			);
			dependencies = (
			);
			name = "Rollbar Demo";
			packageProductDependencies = (
				3BDB8252292D2E4B0093AC9D /* RollbarNotifier */,
			);
			productName = iosAppSwift;
			productReference = 3BDB823C292D2DCE0093AC9D /* Rollbar Demo.app */;
			productType = "com.apple.product-type.application";
		};
/* End PBXNativeTarget section */

/* Begin PBXProject section */
		3BDB8234292D2DCE0093AC9D /* Project object */ = {
			isa = PBXProject;
			attributes = {
				BuildIndependentTargetsInParallel = 1;
				LastSwiftUpdateCheck = 1410;
				LastUpgradeCheck = 1410;
				TargetAttributes = {
					3BDB823B292D2DCE0093AC9D = {
						CreatedOnToolsVersion = 14.1;
					};
				};
			};
			buildConfigurationList = 3BDB8237292D2DCE0093AC9D /* Build configuration list for PBXProject "iosAppSwift" */;
			compatibilityVersion = "Xcode 14.0";
			developmentRegion = en;
			hasScannedForEncodings = 0;
			knownRegions = (
				en,
				Base,
			);
			mainGroup = 3BDB8233292D2DCE0093AC9D;
			productRefGroup = 3BDB823D292D2DCE0093AC9D /* Products */;
			projectDirPath = "";
			projectRoot = "";
			targets = (
				3BDB823B292D2DCE0093AC9D /* Rollbar Demo */,
			);
		};
/* End PBXProject section */

/* Begin PBXResourcesBuildPhase section */
		3BDB823A292D2DCE0093AC9D /* Resources */ = {
			isa = PBXResourcesBuildPhase;
			buildActionMask = 2147483647;
			files = (
				3BDB8247292D2DCF0093AC9D /* Preview Assets.xcassets in Resources */,
				3BDB8244292D2DCF0093AC9D /* Assets.xcassets in Resources */,
			);
			runOnlyForDeploymentPostprocessing = 0;
		};
/* End PBXResourcesBuildPhase section */

/* Begin PBXSourcesBuildPhase section */
		3BDB8238292D2DCE0093AC9D /* Sources */ = {
			isa = PBXSourcesBuildPhase;
			buildActionMask = 2147483647;
			files = (
				3B24660A29C37CEA0078C74F /* Prelude.swift in Sources */,
				3BDB8242292D2DCE0093AC9D /* ContentView.swift in Sources */,
				3BDB8240292D2DCE0093AC9D /* iosAppSwiftApp.swift in Sources */,
			);
			runOnlyForDeploymentPostprocessing = 0;
		};
/* End PBXSourcesBuildPhase section */

/* Begin XCBuildConfiguration section */
		3BDB8248292D2DCF0093AC9D /* Debug */ = {
			isa = XCBuildConfiguration;
			buildSettings = {
				ALWAYS_SEARCH_USER_PATHS = NO;
				CLANG_ANALYZER_NONNULL = YES;
				CLANG_ANALYZER_NUMBER_OBJECT_CONVERSION = YES_AGGRESSIVE;
				CLANG_CXX_LANGUAGE_STANDARD = "gnu++20";
				CLANG_ENABLE_MODULES = YES;
				CLANG_ENABLE_OBJC_ARC = YES;
				CLANG_ENABLE_OBJC_WEAK = YES;
				CLANG_WARN_BLOCK_CAPTURE_AUTORELEASING = YES;
				CLANG_WARN_BOOL_CONVERSION = YES;
				CLANG_WARN_COMMA = YES;
				CLANG_WARN_CONSTANT_CONVERSION = YES;
				CLANG_WARN_DEPRECATED_OBJC_IMPLEMENTATIONS = YES;
				CLANG_WARN_DIRECT_OBJC_ISA_USAGE = YES_ERROR;
				CLANG_WARN_DOCUMENTATION_COMMENTS = YES;
				CLANG_WARN_EMPTY_BODY = YES;
				CLANG_WARN_ENUM_CONVERSION = YES;
				CLANG_WARN_INFINITE_RECURSION = YES;
				CLANG_WARN_INT_CONVERSION = YES;
				CLANG_WARN_NON_LITERAL_NULL_CONVERSION = YES;
				CLANG_WARN_OBJC_IMPLICIT_RETAIN_SELF = YES;
				CLANG_WARN_OBJC_LITERAL_CONVERSION = YES;
				CLANG_WARN_OBJC_ROOT_CLASS = YES_ERROR;
				CLANG_WARN_QUOTED_INCLUDE_IN_FRAMEWORK_HEADER = YES;
				CLANG_WARN_RANGE_LOOP_ANALYSIS = YES;
				CLANG_WARN_STRICT_PROTOTYPES = YES;
				CLANG_WARN_SUSPICIOUS_MOVE = YES;
				CLANG_WARN_UNGUARDED_AVAILABILITY = YES_AGGRESSIVE;
				CLANG_WARN_UNREACHABLE_CODE = YES;
				CLANG_WARN__DUPLICATE_METHOD_MATCH = YES;
				COPY_PHASE_STRIP = NO;
				DEBUG_INFORMATION_FORMAT = "dwarf-with-dsym";
				ENABLE_STRICT_OBJC_MSGSEND = YES;
				ENABLE_TESTABILITY = YES;
				GCC_C_LANGUAGE_STANDARD = gnu11;
				GCC_DYNAMIC_NO_PIC = NO;
				GCC_NO_COMMON_BLOCKS = YES;
				GCC_OPTIMIZATION_LEVEL = 0;
				GCC_PREPROCESSOR_DEFINITIONS = (
					"DEBUG=1",
					"$(inherited)",
				);
				GCC_WARN_64_TO_32_BIT_CONVERSION = YES;
				GCC_WARN_ABOUT_RETURN_TYPE = YES_ERROR;
				GCC_WARN_UNDECLARED_SELECTOR = YES;
				GCC_WARN_UNINITIALIZED_AUTOS = YES_AGGRESSIVE;
				GCC_WARN_UNUSED_FUNCTION = YES;
				GCC_WARN_UNUSED_VARIABLE = YES;
				IPHONEOS_DEPLOYMENT_TARGET = 15.0;
				MTL_ENABLE_DEBUG_INFO = INCLUDE_SOURCE;
				MTL_FAST_MATH = YES;
				ONLY_ACTIVE_ARCH = YES;
				SDKROOT = iphoneos;
				SWIFT_ACTIVE_COMPILATION_CONDITIONS = DEBUG;
				SWIFT_OPTIMIZATION_LEVEL = "-Onone";
			};
			name = Debug;
		};
		3BDB8249292D2DCF0093AC9D /* Release */ = {
			isa = XCBuildConfiguration;
			buildSettings = {
				ALWAYS_SEARCH_USER_PATHS = NO;
				CLANG_ANALYZER_NONNULL = YES;
				CLANG_ANALYZER_NUMBER_OBJECT_CONVERSION = YES_AGGRESSIVE;
				CLANG_CXX_LANGUAGE_STANDARD = "gnu++20";
				CLANG_ENABLE_MODULES = YES;
				CLANG_ENABLE_OBJC_ARC = YES;
				CLANG_ENABLE_OBJC_WEAK = YES;
				CLANG_WARN_BLOCK_CAPTURE_AUTORELEASING = YES;
				CLANG_WARN_BOOL_CONVERSION = YES;
				CLANG_WARN_COMMA = YES;
				CLANG_WARN_CONSTANT_CONVERSION = YES;
				CLANG_WARN_DEPRECATED_OBJC_IMPLEMENTATIONS = YES;
				CLANG_WARN_DIRECT_OBJC_ISA_USAGE = YES_ERROR;
				CLANG_WARN_DOCUMENTATION_COMMENTS = YES;
				CLANG_WARN_EMPTY_BODY = YES;
				CLANG_WARN_ENUM_CONVERSION = YES;
				CLANG_WARN_INFINITE_RECURSION = YES;
				CLANG_WARN_INT_CONVERSION = YES;
				CLANG_WARN_NON_LITERAL_NULL_CONVERSION = YES;
				CLANG_WARN_OBJC_IMPLICIT_RETAIN_SELF = YES;
				CLANG_WARN_OBJC_LITERAL_CONVERSION = YES;
				CLANG_WARN_OBJC_ROOT_CLASS = YES_ERROR;
				CLANG_WARN_QUOTED_INCLUDE_IN_FRAMEWORK_HEADER = YES;
				CLANG_WARN_RANGE_LOOP_ANALYSIS = YES;
				CLANG_WARN_STRICT_PROTOTYPES = YES;
				CLANG_WARN_SUSPICIOUS_MOVE = YES;
				CLANG_WARN_UNGUARDED_AVAILABILITY = YES_AGGRESSIVE;
				CLANG_WARN_UNREACHABLE_CODE = YES;
				CLANG_WARN__DUPLICATE_METHOD_MATCH = YES;
				COPY_PHASE_STRIP = NO;
				DEBUG_INFORMATION_FORMAT = "dwarf-with-dsym";
				ENABLE_NS_ASSERTIONS = NO;
				ENABLE_STRICT_OBJC_MSGSEND = YES;
				GCC_C_LANGUAGE_STANDARD = gnu11;
				GCC_NO_COMMON_BLOCKS = YES;
				GCC_WARN_64_TO_32_BIT_CONVERSION = YES;
				GCC_WARN_ABOUT_RETURN_TYPE = YES_ERROR;
				GCC_WARN_UNDECLARED_SELECTOR = YES;
				GCC_WARN_UNINITIALIZED_AUTOS = YES_AGGRESSIVE;
				GCC_WARN_UNUSED_FUNCTION = YES;
				GCC_WARN_UNUSED_VARIABLE = YES;
				IPHONEOS_DEPLOYMENT_TARGET = 15.0;
				MTL_ENABLE_DEBUG_INFO = NO;
				MTL_FAST_MATH = YES;
				SDKROOT = iphoneos;
				SWIFT_COMPILATION_MODE = wholemodule;
				SWIFT_OPTIMIZATION_LEVEL = "-O";
				VALIDATE_PRODUCT = YES;
			};
			name = Release;
		};
		3BDB824B292D2DCF0093AC9D /* Debug */ = {
			isa = XCBuildConfiguration;
			buildSettings = {
				ASSETCATALOG_COMPILER_APPICON_NAME = AppIcon;
				ASSETCATALOG_COMPILER_GLOBAL_ACCENT_COLOR_NAME = AccentColor;
				CODE_SIGN_STYLE = Automatic;
				CURRENT_PROJECT_VERSION = 70;
				DEVELOPMENT_ASSET_PATHS = "\"iosAppSwift/Preview Content\"";
				DEVELOPMENT_TEAM = 9P5JVC2F34;
				ENABLE_PREVIEWS = YES;
				GENERATE_INFOPLIST_FILE = YES;
				INFOPLIST_FILE = iosAppSwift/Info.plist;
				INFOPLIST_KEY_CFBundleDisplayName = "Rollbar Demo";
				INFOPLIST_KEY_LSApplicationCategoryType = "public.app-category.developer-tools";
				INFOPLIST_KEY_UIApplicationSceneManifest_Generation = YES;
				INFOPLIST_KEY_UIApplicationSupportsIndirectInputEvents = YES;
				INFOPLIST_KEY_UILaunchScreen_Generation = YES;
				INFOPLIST_KEY_UISupportedInterfaceOrientations_iPad = "UIInterfaceOrientationPortrait UIInterfaceOrientationPortraitUpsideDown UIInterfaceOrientationLandscapeLeft UIInterfaceOrientationLandscapeRight";
				INFOPLIST_KEY_UISupportedInterfaceOrientations_iPhone = "UIInterfaceOrientationPortrait UIInterfaceOrientationLandscapeLeft UIInterfaceOrientationLandscapeRight";
				IPHONEOS_DEPLOYMENT_TARGET = 15.0;
				LD_RUNPATH_SEARCH_PATHS = (
					"$(inherited)",
					"@executable_path/Frameworks",
				);
				MARKETING_VERSION = 1.2;
				PRODUCT_BUNDLE_IDENTIFIER = com.rollbar.apple.demo.swift;
				PRODUCT_NAME = "$(TARGET_NAME)";
				SWIFT_EMIT_LOC_STRINGS = YES;
				SWIFT_VERSION = 5.0;
				TARGETED_DEVICE_FAMILY = "1,2";
			};
			name = Debug;
		};
		3BDB824C292D2DCF0093AC9D /* Release */ = {
			isa = XCBuildConfiguration;
			buildSettings = {
				ASSETCATALOG_COMPILER_APPICON_NAME = AppIcon;
				ASSETCATALOG_COMPILER_GLOBAL_ACCENT_COLOR_NAME = AccentColor;
				CODE_SIGN_STYLE = Automatic;
				CURRENT_PROJECT_VERSION = 70;
				DEVELOPMENT_ASSET_PATHS = "\"iosAppSwift/Preview Content\"";
				DEVELOPMENT_TEAM = 9P5JVC2F34;
				ENABLE_PREVIEWS = YES;
				GENERATE_INFOPLIST_FILE = YES;
				INFOPLIST_FILE = iosAppSwift/Info.plist;
				INFOPLIST_KEY_CFBundleDisplayName = "Rollbar Demo";
				INFOPLIST_KEY_LSApplicationCategoryType = "public.app-category.developer-tools";
				INFOPLIST_KEY_UIApplicationSceneManifest_Generation = YES;
				INFOPLIST_KEY_UIApplicationSupportsIndirectInputEvents = YES;
				INFOPLIST_KEY_UILaunchScreen_Generation = YES;
				INFOPLIST_KEY_UISupportedInterfaceOrientations_iPad = "UIInterfaceOrientationPortrait UIInterfaceOrientationPortraitUpsideDown UIInterfaceOrientationLandscapeLeft UIInterfaceOrientationLandscapeRight";
				INFOPLIST_KEY_UISupportedInterfaceOrientations_iPhone = "UIInterfaceOrientationPortrait UIInterfaceOrientationLandscapeLeft UIInterfaceOrientationLandscapeRight";
				IPHONEOS_DEPLOYMENT_TARGET = 15.0;
				LD_RUNPATH_SEARCH_PATHS = (
					"$(inherited)",
					"@executable_path/Frameworks",
				);
				MARKETING_VERSION = 1.2;
				PRODUCT_BUNDLE_IDENTIFIER = com.rollbar.apple.demo.swift;
				PRODUCT_NAME = "$(TARGET_NAME)";
				SWIFT_EMIT_LOC_STRINGS = YES;
				SWIFT_VERSION = 5.0;
				TARGETED_DEVICE_FAMILY = "1,2";
			};
			name = Release;
		};
/* End XCBuildConfiguration section */

/* Begin XCConfigurationList section */
		3BDB8237292D2DCE0093AC9D /* Build configuration list for PBXProject "iosAppSwift" */ = {
			isa = XCConfigurationList;
			buildConfigurations = (
				3BDB8248292D2DCF0093AC9D /* Debug */,
				3BDB8249292D2DCF0093AC9D /* Release */,
			);
			defaultConfigurationIsVisible = 0;
			defaultConfigurationName = Release;
		};
		3BDB824A292D2DCF0093AC9D /* Build configuration list for PBXNativeTarget "Rollbar Demo" */ = {
			isa = XCConfigurationList;
			buildConfigurations = (
				3BDB824B292D2DCF0093AC9D /* Debug */,
				3BDB824C292D2DCF0093AC9D /* Release */,
			);
			defaultConfigurationIsVisible = 0;
			defaultConfigurationName = Release;
		};
/* End XCConfigurationList section */

/* Begin XCSwiftPackageProductDependency section */
		3BDB8252292D2E4B0093AC9D /* RollbarNotifier */ = {
			isa = XCSwiftPackageProductDependency;
			productName = RollbarNotifier;
		};
/* End XCSwiftPackageProductDependency section */
	};
	rootObject = 3BDB8234292D2DCE0093AC9D /* Project object */;
}
