{
  "object": {
    "pins": [
      {
        "package": "KSCrash",
        "repositoryURL": "https://github.com/kstenerud/KSCrash.git",
        "state": {
          "branch": "master",
          "revision": "498aa21d23541b0bb4990f8d3d20bea2c280a18b",
          "version": null
        }
      },
      {
        "package": "PLCrashReporter",
        "repositoryURL": "https://github.com/microsoft/plcrashreporter.git",
        "state": {
          "branch": "master",
          "revision": "2afa27e23452171b971f67730821b7befa96842b",
          "version": null
        }
      },
      {
        "package": "RollbarSDK",
        "repositoryURL": "https://github.com/rollbar/rollbar-apple",
        "state": {
          "branch": "master",
          "revision": "f32c08cf61692a2fbe7de5e0aedf49a1d1534683",
          "version": null
        }
      }
    ]
  },
  "version": 1
}
