PODS:
  - RollbarCommon (3.1.0)
  - RollbarCrash (3.1.0)
  - RollbarNotifier (3.1.0):
    - RollbarCommon (~> 3.1.0)
    - RollbarCrash (~> 3.1.0)
    - RollbarReport (~> 3.1.0)
  - RollbarReport (3.1.0):
    - RollbarCrash (~> 3.1.0)

DEPENDENCIES:
  - RollbarNotifier (~> 3.1.0)

SPEC REPOS:
  trunk:
    - RollbarCommon
    - RollbarCrash
    - RollbarNotifier
    - RollbarReport

SPEC CHECKSUMS:
  RollbarCommon: 125fb7e9fa63ea79ef33ee0f0e50456bb9f9cdf5
  RollbarCrash: d831f9c067bbe2147080a700c0a7ebc346d31db3
  RollbarNotifier: 3213f4466b7f239c06d67e2c4963177e694df91b
  RollbarReport: 55693c386a511cd37272fb2bfc8a6c1b333cd749

PODFILE CHECKSUM: 94655f4f87e1ff194ba9a4cc27c389b9a098a8a5

COCOAPODS: 1.12.1
