// !$*UTF8*$!
{
	archiveVersion = 1;
	classes = {
	};
	objectVersion = 55;
	objects = {

/* Begin PBXBuildFile section */
		55889E482818B937002E0228 /* watchosAppObjC WatchKit App.app in Embed Watch Content */ = {isa = PBXBuildFile; fileRef = 55889E472818B937002E0228 /* watchosAppObjC WatchKit App.app */; settings = {ATTRIBUTES = (RemoveHeadersOnCopy, ); }; };
		55889E4E2818B937002E0228 /* Interface.storyboard in Resources */ = {isa = PBXBuildFile; fileRef = 55889E4C2818B937002E0228 /* Interface.storyboard */; };
		55889E502818B939002E0228 /* Assets.xcassets in Resources */ = {isa = PBXBuildFile; fileRef = 55889E4F2818B939002E0228 /* Assets.xcassets */; };
		55889E562818B939002E0228 /* watchosAppObjC WatchKit Extension.appex in Embed App Extensions */ = {isa = PBXBuildFile; fileRef = 55889E552818B939002E0228 /* watchosAppObjC WatchKit Extension.appex */; settings = {ATTRIBUTES = (RemoveHeadersOnCopy, ); }; };
		55889E5C2818B939002E0228 /* InterfaceController.m in Sources */ = {isa = PBXBuildFile; fileRef = 55889E5B2818B939002E0228 /* InterfaceController.m */; };
		55889E5F2818B939002E0228 /* ExtensionDelegate.m in Sources */ = {isa = PBXBuildFile; fileRef = 55889E5E2818B939002E0228 /* ExtensionDelegate.m */; };
		55889E622818B939002E0228 /* NotificationController.m in Sources */ = {isa = PBXBuildFile; fileRef = 55889E612818B939002E0228 /* NotificationController.m */; };
		55889E652818B939002E0228 /* ComplicationController.m in Sources */ = {isa = PBXBuildFile; fileRef = 55889E642818B939002E0228 /* ComplicationController.m */; };
		55889E672818B93A002E0228 /* Assets.xcassets in Resources */ = {isa = PBXBuildFile; fileRef = 55889E662818B93A002E0228 /* Assets.xcassets */; };
		55DD35862818C3770061AC50 /* RollbarNotifier in Frameworks */ = {isa = PBXBuildFile; productRef = 55DD35852818C3770061AC50 /* RollbarNotifier */; };
/* End PBXBuildFile section */

/* Begin PBXContainerItemProxy section */
		55889E492818B937002E0228 /* PBXContainerItemProxy */ = {
			isa = PBXContainerItemProxy;
			containerPortal = 55889E3D2818B937002E0228 /* Project object */;
			proxyType = 1;
			remoteGlobalIDString = 55889E462818B937002E0228;
			remoteInfo = "watchosAppObjC WatchKit App";
		};
		55889E572818B939002E0228 /* PBXContainerItemProxy */ = {
			isa = PBXContainerItemProxy;
			containerPortal = 55889E3D2818B937002E0228 /* Project object */;
			proxyType = 1;
			remoteGlobalIDString = 55889E542818B939002E0228;
			remoteInfo = "watchosAppObjC WatchKit Extension";
		};
/* End PBXContainerItemProxy section */

/* Begin PBXCopyFilesBuildPhase section */
		55889E6F2818B93A002E0228 /* Embed App Extensions */ = {
			isa = PBXCopyFilesBuildPhase;
			buildActionMask = 2147483647;
			dstPath = "";
			dstSubfolderSpec = 13;
			files = (
				55889E562818B939002E0228 /* watchosAppObjC WatchKit Extension.appex in Embed App Extensions */,
			);
			name = "Embed App Extensions";
			runOnlyForDeploymentPostprocessing = 0;
		};
		55889E732818B93A002E0228 /* Embed Watch Content */ = {
			isa = PBXCopyFilesBuildPhase;
			buildActionMask = 2147483647;
			dstPath = "$(CONTENTS_FOLDER_PATH)/Watch";
			dstSubfolderSpec = 16;
			files = (
				55889E482818B937002E0228 /* watchosAppObjC WatchKit App.app in Embed Watch Content */,
			);
			name = "Embed Watch Content";
			runOnlyForDeploymentPostprocessing = 0;
		};
/* End PBXCopyFilesBuildPhase section */

/* Begin PBXFileReference section */
		554E6731282B4C3C00908A64 /* RollbarDemoSettings.h */ = {isa = PBXFileReference; fileEncoding = 4; lastKnownFileType = sourcecode.c.h; name = RollbarDemoSettings.h; path = ../../RollbarDemoSettings.h; sourceTree = "<group>"; };
		55889E432818B937002E0228 /* watchosAppObjC.app */ = {isa = PBXFileReference; explicitFileType = wrapper.application; includeInIndex = 0; path = watchosAppObjC.app; sourceTree = BUILT_PRODUCTS_DIR; };
		55889E472818B937002E0228 /* watchosAppObjC WatchKit App.app */ = {isa = PBXFileReference; explicitFileType = wrapper.application; includeInIndex = 0; path = "watchosAppObjC WatchKit App.app"; sourceTree = BUILT_PRODUCTS_DIR; };
		55889E4D2818B937002E0228 /* Base */ = {isa = PBXFileReference; lastKnownFileType = file.storyboard; name = Base; path = Base.lproj/Interface.storyboard; sourceTree = "<group>"; };
		55889E4F2818B939002E0228 /* Assets.xcassets */ = {isa = PBXFileReference; lastKnownFileType = folder.assetcatalog; path = Assets.xcassets; sourceTree = "<group>"; };
		55889E552818B939002E0228 /* watchosAppObjC WatchKit Extension.appex */ = {isa = PBXFileReference; explicitFileType = "wrapper.app-extension"; includeInIndex = 0; path = "watchosAppObjC WatchKit Extension.appex"; sourceTree = BUILT_PRODUCTS_DIR; };
		55889E5A2818B939002E0228 /* InterfaceController.h */ = {isa = PBXFileReference; lastKnownFileType = sourcecode.c.h; path = InterfaceController.h; sourceTree = "<group>"; };
		55889E5B2818B939002E0228 /* InterfaceController.m */ = {isa = PBXFileReference; lastKnownFileType = sourcecode.c.objc; path = InterfaceController.m; sourceTree = "<group>"; };
		55889E5D2818B939002E0228 /* ExtensionDelegate.h */ = {isa = PBXFileReference; lastKnownFileType = sourcecode.c.h; path = ExtensionDelegate.h; sourceTree = "<group>"; };
		55889E5E2818B939002E0228 /* ExtensionDelegate.m */ = {isa = PBXFileReference; lastKnownFileType = sourcecode.c.objc; path = ExtensionDelegate.m; sourceTree = "<group>"; };
		55889E602818B939002E0228 /* NotificationController.h */ = {isa = PBXFileReference; lastKnownFileType = sourcecode.c.h; path = NotificationController.h; sourceTree = "<group>"; };
		55889E612818B939002E0228 /* NotificationController.m */ = {isa = PBXFileReference; lastKnownFileType = sourcecode.c.objc; path = NotificationController.m; sourceTree = "<group>"; };
		55889E632818B939002E0228 /* ComplicationController.h */ = {isa = PBXFileReference; lastKnownFileType = sourcecode.c.h; path = ComplicationController.h; sourceTree = "<group>"; };
		55889E642818B939002E0228 /* ComplicationController.m */ = {isa = PBXFileReference; lastKnownFileType = sourcecode.c.objc; path = ComplicationController.m; sourceTree = "<group>"; };
		55889E662818B93A002E0228 /* Assets.xcassets */ = {isa = PBXFileReference; lastKnownFileType = folder.assetcatalog; path = Assets.xcassets; sourceTree = "<group>"; };
		55889E682818B93A002E0228 /* Info.plist */ = {isa = PBXFileReference; lastKnownFileType = text.plist.xml; path = Info.plist; sourceTree = "<group>"; };
		55889E692818B93A002E0228 /* PushNotificationPayload.apns */ = {isa = PBXFileReference; lastKnownFileType = text; path = PushNotificationPayload.apns; sourceTree = "<group>"; };
/* End PBXFileReference section */

/* Begin PBXFrameworksBuildPhase section */
		55889E522818B939002E0228 /* Frameworks */ = {
			isa = PBXFrameworksBuildPhase;
			buildActionMask = 2147483647;
			files = (
				55DD35862818C3770061AC50 /* RollbarNotifier in Frameworks */,
			);
			runOnlyForDeploymentPostprocessing = 0;
		};
/* End PBXFrameworksBuildPhase section */

/* Begin PBXGroup section */
		55889E3C2818B937002E0228 = {
			isa = PBXGroup;
			children = (
				55889E4B2818B937002E0228 /* watchosAppObjC WatchKit App */,
				55889E592818B939002E0228 /* watchosAppObjC WatchKit Extension */,
				55889E442818B937002E0228 /* Products */,
				55DD35842818C3770061AC50 /* Frameworks */,
			);
			sourceTree = "<group>";
		};
		55889E442818B937002E0228 /* Products */ = {
			isa = PBXGroup;
			children = (
				55889E432818B937002E0228 /* watchosAppObjC.app */,
				55889E472818B937002E0228 /* watchosAppObjC WatchKit App.app */,
				55889E552818B939002E0228 /* watchosAppObjC WatchKit Extension.appex */,
			);
			name = Products;
			sourceTree = "<group>";
		};
		55889E4B2818B937002E0228 /* watchosAppObjC WatchKit App */ = {
			isa = PBXGroup;
			children = (
				55889E4C2818B937002E0228 /* Interface.storyboard */,
				55889E4F2818B939002E0228 /* Assets.xcassets */,
			);
			path = "watchosAppObjC WatchKit App";
			sourceTree = "<group>";
		};
		55889E592818B939002E0228 /* watchosAppObjC WatchKit Extension */ = {
			isa = PBXGroup;
			children = (
				554E6731282B4C3C00908A64 /* RollbarDemoSettings.h */,
				55889E5A2818B939002E0228 /* InterfaceController.h */,
				55889E5B2818B939002E0228 /* InterfaceController.m */,
				55889E5D2818B939002E0228 /* ExtensionDelegate.h */,
				55889E5E2818B939002E0228 /* ExtensionDelegate.m */,
				55889E602818B939002E0228 /* NotificationController.h */,
				55889E612818B939002E0228 /* NotificationController.m */,
				55889E632818B939002E0228 /* ComplicationController.h */,
				55889E642818B939002E0228 /* ComplicationController.m */,
				55889E662818B93A002E0228 /* Assets.xcassets */,
				55889E682818B93A002E0228 /* Info.plist */,
				55889E692818B93A002E0228 /* PushNotificationPayload.apns */,
			);
			path = "watchosAppObjC WatchKit Extension";
			sourceTree = "<group>";
		};
		55DD35842818C3770061AC50 /* Frameworks */ = {
			isa = PBXGroup;
			children = (
			);
			name = Frameworks;
			sourceTree = "<group>";
		};
/* End PBXGroup section */

/* Begin PBXNativeTarget section */
		55889E422818B937002E0228 /* watchosAppObjC */ = {
			isa = PBXNativeTarget;
			buildConfigurationList = 55889E742818B93A002E0228 /* Build configuration list for PBXNativeTarget "watchosAppObjC" */;
			buildPhases = (
				55889E412818B937002E0228 /* Resources */,
				55889E732818B93A002E0228 /* Embed Watch Content */,
			);
			buildRules = (
			);
			dependencies = (
				55889E4A2818B937002E0228 /* PBXTargetDependency */,
			);
			name = watchosAppObjC;
			productName = watchosAppObjC;
			productReference = 55889E432818B937002E0228 /* watchosAppObjC.app */;
			productType = "com.apple.product-type.application.watchapp2-container";
		};
		55889E462818B937002E0228 /* watchosAppObjC WatchKit App */ = {
			isa = PBXNativeTarget;
			buildConfigurationList = 55889E702818B93A002E0228 /* Build configuration list for PBXNativeTarget "watchosAppObjC WatchKit App" */;
			buildPhases = (
				55889E452818B937002E0228 /* Resources */,
				55889E6F2818B93A002E0228 /* Embed App Extensions */,
			);
			buildRules = (
			);
			dependencies = (
				55889E582818B939002E0228 /* PBXTargetDependency */,
			);
			name = "watchosAppObjC WatchKit App";
			productName = "watchosAppObjC WatchKit App";
			productReference = 55889E472818B937002E0228 /* watchosAppObjC WatchKit App.app */;
			productType = "com.apple.product-type.application.watchapp2";
		};
		55889E542818B939002E0228 /* watchosAppObjC WatchKit Extension */ = {
			isa = PBXNativeTarget;
			buildConfigurationList = 55889E6C2818B93A002E0228 /* Build configuration list for PBXNativeTarget "watchosAppObjC WatchKit Extension" */;
			buildPhases = (
				55889E512818B939002E0228 /* Sources */,
				55889E522818B939002E0228 /* Frameworks */,
				55889E532818B939002E0228 /* Resources */,
			);
			buildRules = (
			);
			dependencies = (
			);
			name = "watchosAppObjC WatchKit Extension";
			packageProductDependencies = (
				55DD35852818C3770061AC50 /* RollbarNotifier */,
			);
			productName = "watchosAppObjC WatchKit Extension";
			productReference = 55889E552818B939002E0228 /* watchosAppObjC WatchKit Extension.appex */;
			productType = "com.apple.product-type.watchkit2-extension";
		};
/* End PBXNativeTarget section */

/* Begin PBXProject section */
		55889E3D2818B937002E0228 /* Project object */ = {
			isa = PBXProject;
			attributes = {
				BuildIndependentTargetsInParallel = 1;
				LastUpgradeCheck = 1330;
				TargetAttributes = {
					55889E422818B937002E0228 = {
						CreatedOnToolsVersion = 13.3.1;
					};
					55889E462818B937002E0228 = {
						CreatedOnToolsVersion = 13.3.1;
					};
					55889E542818B939002E0228 = {
						CreatedOnToolsVersion = 13.3.1;
					};
				};
			};
			buildConfigurationList = 55889E402818B937002E0228 /* Build configuration list for PBXProject "watchosAppObjC" */;
			compatibilityVersion = "Xcode 13.0";
			developmentRegion = en;
			hasScannedForEncodings = 0;
			knownRegions = (
				en,
				Base,
			);
			mainGroup = 55889E3C2818B937002E0228;
			productRefGroup = 55889E442818B937002E0228 /* Products */;
			projectDirPath = "";
			projectRoot = "";
			targets = (
				55889E422818B937002E0228 /* watchosAppObjC */,
				55889E462818B937002E0228 /* watchosAppObjC WatchKit App */,
				55889E542818B939002E0228 /* watchosAppObjC WatchKit Extension */,
			);
		};
/* End PBXProject section */

/* Begin PBXResourcesBuildPhase section */
		55889E412818B937002E0228 /* Resources */ = {
			isa = PBXResourcesBuildPhase;
			buildActionMask = 2147483647;
			files = (
			);
			runOnlyForDeploymentPostprocessing = 0;
		};
		55889E452818B937002E0228 /* Resources */ = {
			isa = PBXResourcesBuildPhase;
			buildActionMask = 2147483647;
			files = (
				55889E502818B939002E0228 /* Assets.xcassets in Resources */,
				55889E4E2818B937002E0228 /* Interface.storyboard in Resources */,
			);
			runOnlyForDeploymentPostprocessing = 0;
		};
		55889E532818B939002E0228 /* Resources */ = {
			isa = PBXResourcesBuildPhase;
			buildActionMask = 2147483647;
			files = (
				55889E672818B93A002E0228 /* Assets.xcassets in Resources */,
			);
			runOnlyForDeploymentPostprocessing = 0;
		};
/* End PBXResourcesBuildPhase section */

/* Begin PBXSourcesBuildPhase section */
		55889E512818B939002E0228 /* Sources */ = {
			isa = PBXSourcesBuildPhase;
			buildActionMask = 2147483647;
			files = (
				55889E5F2818B939002E0228 /* ExtensionDelegate.m in Sources */,
				55889E652818B939002E0228 /* ComplicationController.m in Sources */,
				55889E5C2818B939002E0228 /* InterfaceController.m in Sources */,
				55889E622818B939002E0228 /* NotificationController.m in Sources */,
			);
			runOnlyForDeploymentPostprocessing = 0;
		};
/* End PBXSourcesBuildPhase section */

/* Begin PBXTargetDependency section */
		55889E4A2818B937002E0228 /* PBXTargetDependency */ = {
			isa = PBXTargetDependency;
			target = 55889E462818B937002E0228 /* watchosAppObjC WatchKit App */;
			targetProxy = 55889E492818B937002E0228 /* PBXContainerItemProxy */;
		};
		55889E582818B939002E0228 /* PBXTargetDependency */ = {
			isa = PBXTargetDependency;
			target = 55889E542818B939002E0228 /* watchosAppObjC WatchKit Extension */;
			targetProxy = 55889E572818B939002E0228 /* PBXContainerItemProxy */;
		};
/* End PBXTargetDependency section */

/* Begin PBXVariantGroup section */
		55889E4C2818B937002E0228 /* Interface.storyboard */ = {
			isa = PBXVariantGroup;
			children = (
				55889E4D2818B937002E0228 /* Base */,
			);
			name = Interface.storyboard;
			sourceTree = "<group>";
		};
/* End PBXVariantGroup section */

/* Begin XCBuildConfiguration section */
		55889E6A2818B93A002E0228 /* Debug */ = {
			isa = XCBuildConfiguration;
			buildSettings = {
				ALWAYS_SEARCH_USER_PATHS = NO;
				CLANG_ANALYZER_NONNULL = YES;
				CLANG_ANALYZER_NUMBER_OBJECT_CONVERSION = YES_AGGRESSIVE;
				CLANG_CXX_LANGUAGE_STANDARD = "gnu++17";
				CLANG_ENABLE_MODULES = YES;
				CLANG_ENABLE_OBJC_ARC = YES;
				CLANG_ENABLE_OBJC_WEAK = YES;
				CLANG_WARN_BLOCK_CAPTURE_AUTORELEASING = YES;
				CLANG_WARN_BOOL_CONVERSION = YES;
				CLANG_WARN_COMMA = YES;
				CLANG_WARN_CONSTANT_CONVERSION = YES;
				CLANG_WARN_DEPRECATED_OBJC_IMPLEMENTATIONS = YES;
				CLANG_WARN_DIRECT_OBJC_ISA_USAGE = YES_ERROR;
				CLANG_WARN_DOCUMENTATION_COMMENTS = YES;
				CLANG_WARN_EMPTY_BODY = YES;
				CLANG_WARN_ENUM_CONVERSION = YES;
				CLANG_WARN_INFINITE_RECURSION = YES;
				CLANG_WARN_INT_CONVERSION = YES;
				CLANG_WARN_NON_LITERAL_NULL_CONVERSION = YES;
				CLANG_WARN_OBJC_IMPLICIT_RETAIN_SELF = YES;
				CLANG_WARN_OBJC_LITERAL_CONVERSION = YES;
				CLANG_WARN_OBJC_ROOT_CLASS = YES_ERROR;
				CLANG_WARN_QUOTED_INCLUDE_IN_FRAMEWORK_HEADER = YES;
				CLANG_WARN_RANGE_LOOP_ANALYSIS = YES;
				CLANG_WARN_STRICT_PROTOTYPES = YES;
				CLANG_WARN_SUSPICIOUS_MOVE = YES;
				CLANG_WARN_UNGUARDED_AVAILABILITY = YES_AGGRESSIVE;
				CLANG_WARN_UNREACHABLE_CODE = YES;
				CLANG_WARN__DUPLICATE_METHOD_MATCH = YES;
				COPY_PHASE_STRIP = NO;
				DEBUG_INFORMATION_FORMAT = dwarf;
				ENABLE_STRICT_OBJC_MSGSEND = YES;
				ENABLE_TESTABILITY = YES;
				GCC_C_LANGUAGE_STANDARD = gnu11;
				GCC_DYNAMIC_NO_PIC = NO;
				GCC_NO_COMMON_BLOCKS = YES;
				GCC_OPTIMIZATION_LEVEL = 0;
				GCC_PREPROCESSOR_DEFINITIONS = (
					"DEBUG=1",
					"$(inherited)",
				);
				GCC_WARN_64_TO_32_BIT_CONVERSION = YES;
				GCC_WARN_ABOUT_RETURN_TYPE = YES_ERROR;
				GCC_WARN_UNDECLARED_SELECTOR = YES;
				GCC_WARN_UNINITIALIZED_AUTOS = YES_AGGRESSIVE;
				GCC_WARN_UNUSED_FUNCTION = YES;
				GCC_WARN_UNUSED_VARIABLE = YES;
				MTL_ENABLE_DEBUG_INFO = INCLUDE_SOURCE;
				MTL_FAST_MATH = YES;
				ONLY_ACTIVE_ARCH = YES;
				SDKROOT = iphoneos;
			};
			name = Debug;
		};
		55889E6B2818B93A002E0228 /* Release */ = {
			isa = XCBuildConfiguration;
			buildSettings = {
				ALWAYS_SEARCH_USER_PATHS = NO;
				CLANG_ANALYZER_NONNULL = YES;
				CLANG_ANALYZER_NUMBER_OBJECT_CONVERSION = YES_AGGRESSIVE;
				CLANG_CXX_LANGUAGE_STANDARD = "gnu++17";
				CLANG_ENABLE_MODULES = YES;
				CLANG_ENABLE_OBJC_ARC = YES;
				CLANG_ENABLE_OBJC_WEAK = YES;
				CLANG_WARN_BLOCK_CAPTURE_AUTORELEASING = YES;
				CLANG_WARN_BOOL_CONVERSION = YES;
				CLANG_WARN_COMMA = YES;
				CLANG_WARN_CONSTANT_CONVERSION = YES;
				CLANG_WARN_DEPRECATED_OBJC_IMPLEMENTATIONS = YES;
				CLANG_WARN_DIRECT_OBJC_ISA_USAGE = YES_ERROR;
				CLANG_WARN_DOCUMENTATION_COMMENTS = YES;
				CLANG_WARN_EMPTY_BODY = YES;
				CLANG_WARN_ENUM_CONVERSION = YES;
				CLANG_WARN_INFINITE_RECURSION = YES;
				CLANG_WARN_INT_CONVERSION = YES;
				CLANG_WARN_NON_LITERAL_NULL_CONVERSION = YES;
				CLANG_WARN_OBJC_IMPLICIT_RETAIN_SELF = YES;
				CLANG_WARN_OBJC_LITERAL_CONVERSION = YES;
				CLANG_WARN_OBJC_ROOT_CLASS = YES_ERROR;
				CLANG_WARN_QUOTED_INCLUDE_IN_FRAMEWORK_HEADER = YES;
				CLANG_WARN_RANGE_LOOP_ANALYSIS = YES;
				CLANG_WARN_STRICT_PROTOTYPES = YES;
				CLANG_WARN_SUSPICIOUS_MOVE = YES;
				CLANG_WARN_UNGUARDED_AVAILABILITY = YES_AGGRESSIVE;
				CLANG_WARN_UNREACHABLE_CODE = YES;
				CLANG_WARN__DUPLICATE_METHOD_MATCH = YES;
				COPY_PHASE_STRIP = NO;
				DEBUG_INFORMATION_FORMAT = "dwarf-with-dsym";
				ENABLE_NS_ASSERTIONS = NO;
				ENABLE_STRICT_OBJC_MSGSEND = YES;
				GCC_C_LANGUAGE_STANDARD = gnu11;
				GCC_NO_COMMON_BLOCKS = YES;
				GCC_WARN_64_TO_32_BIT_CONVERSION = YES;
				GCC_WARN_ABOUT_RETURN_TYPE = YES_ERROR;
				GCC_WARN_UNDECLARED_SELECTOR = YES;
				GCC_WARN_UNINITIALIZED_AUTOS = YES_AGGRESSIVE;
				GCC_WARN_UNUSED_FUNCTION = YES;
				GCC_WARN_UNUSED_VARIABLE = YES;
				MTL_ENABLE_DEBUG_INFO = NO;
				MTL_FAST_MATH = YES;
				SDKROOT = iphoneos;
				VALIDATE_PRODUCT = YES;
			};
			name = Release;
		};
		55889E6D2818B93A002E0228 /* Debug */ = {
			isa = XCBuildConfiguration;
			buildSettings = {
				ASSETCATALOG_COMPILER_COMPLICATION_NAME = Complication;
				CODE_SIGN_STYLE = Automatic;
				CURRENT_PROJECT_VERSION = 1;
				DEVELOPMENT_TEAM = LDX6L68VZJ;
				GENERATE_INFOPLIST_FILE = YES;
				INFOPLIST_FILE = "watchosAppObjC WatchKit Extension/Info.plist";
				INFOPLIST_KEY_CFBundleDisplayName = "watchosAppObjC WatchKit Extension";
				INFOPLIST_KEY_CLKComplicationPrincipalClass = ComplicationController;
				INFOPLIST_KEY_NSHumanReadableCopyright = "";
				INFOPLIST_KEY_WKExtensionDelegateClassName = ExtensionDelegate;
				INFOPLIST_KEY_WKWatchOnly = YES;
				LD_RUNPATH_SEARCH_PATHS = (
					"$(inherited)",
					"@executable_path/Frameworks",
					"@executable_path/../../Frameworks",
				);
				MARKETING_VERSION = 1.0;
				PRODUCT_BUNDLE_IDENTIFIER = com.widespectrumcomputing.watchosAppObjC.watchkitapp.watchkitextension;
				PRODUCT_NAME = "${TARGET_NAME}";
				SDKROOT = watchos;
				SKIP_INSTALL = YES;
				SWIFT_EMIT_LOC_STRINGS = YES;
				TARGETED_DEVICE_FAMILY = 4;
				WATCHOS_DEPLOYMENT_TARGET = 8.5;
			};
			name = Debug;
		};
		55889E6E2818B93A002E0228 /* Release */ = {
			isa = XCBuildConfiguration;
			buildSettings = {
				ASSETCATALOG_COMPILER_COMPLICATION_NAME = Complication;
				CODE_SIGN_STYLE = Automatic;
				CURRENT_PROJECT_VERSION = 1;
				DEVELOPMENT_TEAM = LDX6L68VZJ;
				GENERATE_INFOPLIST_FILE = YES;
				INFOPLIST_FILE = "watchosAppObjC WatchKit Extension/Info.plist";
				INFOPLIST_KEY_CFBundleDisplayName = "watchosAppObjC WatchKit Extension";
				INFOPLIST_KEY_CLKComplicationPrincipalClass = ComplicationController;
				INFOPLIST_KEY_NSHumanReadableCopyright = "";
				INFOPLIST_KEY_WKExtensionDelegateClassName = ExtensionDelegate;
				INFOPLIST_KEY_WKWatchOnly = YES;
				LD_RUNPATH_SEARCH_PATHS = (
					"$(inherited)",
					"@executable_path/Frameworks",
					"@executable_path/../../Frameworks",
				);
				MARKETING_VERSION = 1.0;
				PRODUCT_BUNDLE_IDENTIFIER = com.widespectrumcomputing.watchosAppObjC.watchkitapp.watchkitextension;
				PRODUCT_NAME = "${TARGET_NAME}";
				SDKROOT = watchos;
				SKIP_INSTALL = YES;
				SWIFT_EMIT_LOC_STRINGS = YES;
				TARGETED_DEVICE_FAMILY = 4;
				WATCHOS_DEPLOYMENT_TARGET = 8.5;
			};
			name = Release;
		};
		55889E712818B93A002E0228 /* Debug */ = {
			isa = XCBuildConfiguration;
			buildSettings = {
				ASSETCATALOG_COMPILER_APPICON_NAME = AppIcon;
				ASSETCATALOG_COMPILER_GLOBAL_ACCENT_COLOR_NAME = AccentColor;
				CODE_SIGN_STYLE = Automatic;
				CURRENT_PROJECT_VERSION = 1;
				DEVELOPMENT_TEAM = LDX6L68VZJ;
				GENERATE_INFOPLIST_FILE = YES;
				IBSC_MODULE = watchosAppObjC_WatchKit_Extension;
				INFOPLIST_KEY_CFBundleDisplayName = "watchosAppObjC WatchKit App";
				INFOPLIST_KEY_UISupportedInterfaceOrientations = "UIInterfaceOrientationPortrait UIInterfaceOrientationPortraitUpsideDown";
				MARKETING_VERSION = 1.0;
				PRODUCT_BUNDLE_IDENTIFIER = com.widespectrumcomputing.watchosAppObjC.watchkitapp;
				PRODUCT_NAME = "$(TARGET_NAME)";
				SDKROOT = watchos;
				SKIP_INSTALL = YES;
				SWIFT_EMIT_LOC_STRINGS = YES;
				TARGETED_DEVICE_FAMILY = 4;
				WATCHOS_DEPLOYMENT_TARGET = 8.5;
			};
			name = Debug;
		};
		55889E722818B93A002E0228 /* Release */ = {
			isa = XCBuildConfiguration;
			buildSettings = {
				ASSETCATALOG_COMPILER_APPICON_NAME = AppIcon;
				ASSETCATALOG_COMPILER_GLOBAL_ACCENT_COLOR_NAME = AccentColor;
				CODE_SIGN_STYLE = Automatic;
				CURRENT_PROJECT_VERSION = 1;
				DEVELOPMENT_TEAM = LDX6L68VZJ;
				GENERATE_INFOPLIST_FILE = YES;
				IBSC_MODULE = watchosAppObjC_WatchKit_Extension;
				INFOPLIST_KEY_CFBundleDisplayName = "watchosAppObjC WatchKit App";
				INFOPLIST_KEY_UISupportedInterfaceOrientations = "UIInterfaceOrientationPortrait UIInterfaceOrientationPortraitUpsideDown";
				MARKETING_VERSION = 1.0;
				PRODUCT_BUNDLE_IDENTIFIER = com.widespectrumcomputing.watchosAppObjC.watchkitapp;
				PRODUCT_NAME = "$(TARGET_NAME)";
				SDKROOT = watchos;
				SKIP_INSTALL = YES;
				SWIFT_EMIT_LOC_STRINGS = YES;
				TARGETED_DEVICE_FAMILY = 4;
				WATCHOS_DEPLOYMENT_TARGET = 8.5;
			};
			name = Release;
		};
		55889E752818B93A002E0228 /* Debug */ = {
			isa = XCBuildConfiguration;
			buildSettings = {
				CODE_SIGN_STYLE = Automatic;
				CURRENT_PROJECT_VERSION = 1;
				DEVELOPMENT_TEAM = LDX6L68VZJ;
				MARKETING_VERSION = 1.0;
				PRODUCT_BUNDLE_IDENTIFIER = com.widespectrumcomputing.watchosAppObjC;
				PRODUCT_NAME = "$(TARGET_NAME)";
			};
			name = Debug;
		};
		55889E762818B93A002E0228 /* Release */ = {
			isa = XCBuildConfiguration;
			buildSettings = {
				CODE_SIGN_STYLE = Automatic;
				CURRENT_PROJECT_VERSION = 1;
				DEVELOPMENT_TEAM = LDX6L68VZJ;
				MARKETING_VERSION = 1.0;
				PRODUCT_BUNDLE_IDENTIFIER = com.widespectrumcomputing.watchosAppObjC;
				PRODUCT_NAME = "$(TARGET_NAME)";
			};
			name = Release;
		};
/* End XCBuildConfiguration section */

/* Begin XCConfigurationList section */
		55889E402818B937002E0228 /* Build configuration list for PBXProject "watchosAppObjC" */ = {
			isa = XCConfigurationList;
			buildConfigurations = (
				55889E6A2818B93A002E0228 /* Debug */,
				55889E6B2818B93A002E0228 /* Release */,
			);
			defaultConfigurationIsVisible = 0;
			defaultConfigurationName = Release;
		};
		55889E6C2818B93A002E0228 /* Build configuration list for PBXNativeTarget "watchosAppObjC WatchKit Extension" */ = {
			isa = XCConfigurationList;
			buildConfigurations = (
				55889E6D2818B93A002E0228 /* Debug */,
				55889E6E2818B93A002E0228 /* Release */,
			);
			defaultConfigurationIsVisible = 0;
			defaultConfigurationName = Release;
		};
		55889E702818B93A002E0228 /* Build configuration list for PBXNativeTarget "watchosAppObjC WatchKit App" */ = {
			isa = XCConfigurationList;
			buildConfigurations = (
				55889E712818B93A002E0228 /* Debug */,
				55889E722818B93A002E0228 /* Release */,
			);
			defaultConfigurationIsVisible = 0;
			defaultConfigurationName = Release;
		};
		55889E742818B93A002E0228 /* Build configuration list for PBXNativeTarget "watchosAppObjC" */ = {
			isa = XCConfigurationList;
			buildConfigurations = (
				55889E752818B93A002E0228 /* Debug */,
				55889E762818B93A002E0228 /* Release */,
			);
			defaultConfigurationIsVisible = 0;
			defaultConfigurationName = Release;
		};
/* End XCConfigurationList section */

/* Begin XCSwiftPackageProductDependency section */
		55DD35852818C3770061AC50 /* RollbarNotifier */ = {
			isa = XCSwiftPackageProductDependency;
			productName = RollbarNotifier;
		};
/* End XCSwiftPackageProductDependency section */
	};
	rootObject = 55889E3D2818B937002E0228 /* Project object */;
}
