PODS:
  - RollbarCommon (3.3.2)
  - RollbarCrash (3.3.2)
  - RollbarNotifier (3.3.2):
    - RollbarCommon (~> 3.3.2)
    - RollbarCrash (~> 3.3.2)
    - RollbarReport (~> 3.3.2)
  - RollbarReport (3.3.2):
    - RollbarCrash (~> 3.3.2)

DEPENDENCIES:
  - RollbarNotifier (~> 3.3.2)

SPEC REPOS:
  trunk:
    - RollbarCommon
    - RollbarCrash
    - RollbarNotifier
    - RollbarReport

SPEC CHECKSUMS:
  RollbarCommon: ebcc821a01d12aa29b66b204da041b95e99dfcce
  RollbarCrash: 1069c64976ae36b42c45187c977115d07a6f6667
  RollbarNotifier: e4c4d5c945489af69e063bf6b1aba4990136a7f6
  RollbarReport: 6008c84d712bffb3cea026d04c284ce568ec7c27

PODFILE CHECKSUM: d3d7827ecef6fee3336ada7cb21253c0d8a7a0b5

COCOAPODS: 1.15.2
